
Microsoft Visual Studio Solution File, Format Version 12.00
# Visual Studio Version 17
VisualStudioVersion = 17.7.34031.279
MinimumVisualStudioVersion = 10.0.40219.1
Project("{9A19103F-16F7-4668-BE54-9A1E7A4F7556}") = "ACT1IsNaturalAndBigTest", "ACT1IsNaturalAndBig\ACT1IsNaturalAndBigTest.csproj", "{04F5B78A-6E72-4628-A267-21236E4EE0B4}"
EndProject
Project("{9A19103F-16F7-4668-BE54-9A1E7A4F7556}") = "ACT1IsNaturalAndBigEx", "ACT1IsNaturalAndBigEx\ACT1IsNaturalAndBigEx.csproj", "{15EA1CFA-0B58-4357-B8ED-AB4AC23230EA}"
EndProject
Project("{9A19103F-16F7-4668-BE54-9A1E7A4F7556}") = "ACT2GetNumberPower", "ACT2GetNumberPower\ACT2GetNumberPower.csproj", "{8FFDA186-D7FD-43E7-A7C8-347DEB45F1F6}"
EndProject
Project("{9A19103F-16F7-4668-BE54-9A1E7A4F7556}") = "ACT2GetNumberPowerTests", "ACT2GetNumberPowerTests\ACT2GetNumberPowerTests.csproj", "{E27D538A-333C-4A87-B6FA-B5C96BE5DA1E}"
EndProject
Project("{9A19103F-16F7-4668-BE54-9A1E7A4F7556}") = "ACT3FindAbsoluteNumber", "ACT3FindAbsoluteNumber\ACT3FindAbsoluteNumber.csproj", "{4D1F9B92-B4D1-484C-9F2A-DD2BC208CD66}"
EndProject
Project("{9A19103F-16F7-4668-BE54-9A1E7A4F7556}") = "ACT4ConvertToUpperOrLower", "ACT4ConvertToUpperOrLower\ACT4ConvertToUpperOrLower.csproj", "{40974A59-71BD-491E-A71E-13FF0BCF9754}"
EndProject
Project("{9A19103F-16F7-4668-BE54-9A1E7A4F7556}") = "ACT5IsPositiveAndBiggerThan100", "ACT5IsPositiveAndBiggerThan100\ACT5IsPositiveAndBiggerThan100.csproj", "{2D9C79D4-F284-4C9C-AB09-6F6861DD677B}"
EndProject
Project("{9A19103F-16F7-4668-BE54-9A1E7A4F7556}") = "ACT6AbsoluteNumberWithNETFramework", "ACT6AbsoluteNumberWithNETFramework\ACT6AbsoluteNumberWithNETFramework.csproj", "{AD74A486-AA07-4BDD-84CB-0B629443D9B3}"
EndProject
Project("{9A19103F-16F7-4668-BE54-9A1E7A4F7556}") = "ACT7GetNumberPowerWithNET", "ACT7GetNumberPowerWithNET\ACT7GetNumberPowerWithNET.csproj", "{0060B4CA-BF97-44F5-B49E-0D5DAEB4033B}"
EndProject
Project("{9A19103F-16F7-4668-BE54-9A1E7A4F7556}") = "ACT8ReturnRandomValues", "ACT8ReturnRandomValues\ACT8ReturnRandomValues.csproj", "{57D163EE-3569-49B5-B660-76DA924D267C}"
EndProject
Project("{9A19103F-16F7-4668-BE54-9A1E7A4F7556}") = "ACT9IsNumberInsideRange", "ACT9IsNumberInsideRange\ACT9IsNumberInsideRange.csproj", "{7EDFEA0A-3A7D-4BF4-9566-5C35F80EAF0D}"
EndProject
Project("{9A19103F-16F7-4668-BE54-9A1E7A4F7556}") = "ACT10GuessNumber", "ACT10GuessNumber\ACT10GuessNumber.csproj", "{48030F8D-F0C2-4F6B-9B52-84AB29B2A97F}"
EndProject
Project("{9A19103F-16F7-4668-BE54-9A1E7A4F7556}") = "ACT11FindFactorial", "ACT11FindFactorial\ACT11FindFactorial.csproj", "{BAB0FEBE-C4D1-434C-8D69-1CC03D562376}"
EndProject
Project("{9A19103F-16F7-4668-BE54-9A1E7A4F7556}") = "ACT11FindFactorialTests", "ACT11FindFactorialTests\ACT11FindFactorialTests.csproj", "{026D852C-CAC5-4967-926C-80AEAA73743A}"
EndProject
Project("{9A19103F-16F7-4668-BE54-9A1E7A4F7556}") = "ACT12GetCostOfWater", "ACT12GetCostOfWater\ACT12GetCostOfWater.csproj", "{E1C18238-EB9F-4D64-9A56-B9D2D1916C47}"
EndProject
Project("{9A19103F-16F7-4668-BE54-9A1E7A4F7556}") = "ACT13WhichAreEven", "ACT13WhichAreEven\ACT13WhichAreEven.csproj", "{7E3D24E1-15B1-47F4-8345-BC0D44B73248}"
EndProject
Project("{9A19103F-16F7-4668-BE54-9A1E7A4F7556}") = "ACT14SplitAndSum", "ACT14SplitAndSum\ACT14SplitAndSum.csproj", "{DDEF82B9-1331-4E2C-B3CB-08C0E56B3A64}"
EndProject
Project("{9A19103F-16F7-4668-BE54-9A1E7A4F7556}") = "ACT15IsTransitionalDate", "ACT15IsTransitionalDate\ACT15IsTransitionalDate.csproj", "{A012C5B5-9A9D-44CE-A02C-2E059006022D}"
EndProject
Project("{9A19103F-16F7-4668-BE54-9A1E7A4F7556}") = "ACT16GetProduct", "ACT16GetProduct\ACT16GetProduct.csproj", "{600E7533-4B06-414A-9EFF-32E1D8E1CF5B}"
EndProject
Project("{9A19103F-16F7-4668-BE54-9A1E7A4F7556}") = "ACT17CelsiusToFahrenheit", "ACT17CelsiusToFahrenheit\ACT17CelsiusToFahrenheit.csproj", "{160E074C-51C2-498B-8139-18071111C2FF}"
EndProject
Project("{9A19103F-16F7-4668-BE54-9A1E7A4F7556}") = "ACT24RussianMaths", "ACT24RussianMaths\ACT24RussianMaths.csproj", "{5439BE51-0854-4217-8A34-2BB1C5CEFE38}"
EndProject
Project("{9A19103F-16F7-4668-BE54-9A1E7A4F7556}") = "ACT25DecimalToBinaryRecursive", "ACT25DecimalToBinaryRecursive\ACT25DecimalToBinaryRecursive.csproj", "{B9860E2C-CA90-4C14-A785-DC916B36A613}"
EndProject
Project("{9A19103F-16F7-4668-BE54-9A1E7A4F7556}") = "ACT26DigitalSumRecursive", "ACT26DigitalSumRecursive\ACT26DigitalSumRecursive.csproj", "{2EA8D721-0F48-4750-B21D-A4001CF7F4DC}"
EndProject
Project("{9A19103F-16F7-4668-BE54-9A1E7A4F7556}") = "ACT31GameModules", "ACT31GameModules\ACT31GameModules.csproj", "{97A762EC-072E-4831-A5D9-28DF26306DFA}"
EndProject
Project("{FAE04EC0-301F-11D3-BF4B-00C04F79EFBC}") = "ACT29FindWordInText", "ACT29FindWordInText\ACT29FindWordInText.csproj", "{A6AF486C-46A9-4470-A92F-77D107B26620}"
EndProject
Project("{FAE04EC0-301F-11D3-BF4B-00C04F79EFBC}") = "ACT32Super4Game", "ACT32Super4Game\ACT32Super4Game.csproj", "{CCDA8155-5D0A-4BEC-868D-1930297FFF59}"
EndProject
Project("{FAE04EC0-301F-11D3-BF4B-00C04F79EFBC}") = "ACT32Super4GameTests", "ACT32Super4GameTests\ACT32Super4GameTests.csproj", "{40C51D7C-6CD3-4FC5-93D3-0321D0635349}"
EndProject
Global
	GlobalSection(SolutionConfigurationPlatforms) = preSolution
		Debug|Any CPU = Debug|Any CPU
		Release|Any CPU = Release|Any CPU
	EndGlobalSection
	GlobalSection(ProjectConfigurationPlatforms) = postSolution
		{04F5B78A-6E72-4628-A267-21236E4EE0B4}.Debug|Any CPU.ActiveCfg = Debug|Any CPU
		{04F5B78A-6E72-4628-A267-21236E4EE0B4}.Debug|Any CPU.Build.0 = Debug|Any CPU
		{04F5B78A-6E72-4628-A267-21236E4EE0B4}.Release|Any CPU.ActiveCfg = Release|Any CPU
		{04F5B78A-6E72-4628-A267-21236E4EE0B4}.Release|Any CPU.Build.0 = Release|Any CPU
		{15EA1CFA-0B58-4357-B8ED-AB4AC23230EA}.Debug|Any CPU.ActiveCfg = Debug|Any CPU
		{15EA1CFA-0B58-4357-B8ED-AB4AC23230EA}.Debug|Any CPU.Build.0 = Debug|Any CPU
		{15EA1CFA-0B58-4357-B8ED-AB4AC23230EA}.Release|Any CPU.ActiveCfg = Release|Any CPU
		{15EA1CFA-0B58-4357-B8ED-AB4AC23230EA}.Release|Any CPU.Build.0 = Release|Any CPU
		{8FFDA186-D7FD-43E7-A7C8-347DEB45F1F6}.Debug|Any CPU.ActiveCfg = Debug|Any CPU
		{8FFDA186-D7FD-43E7-A7C8-347DEB45F1F6}.Debug|Any CPU.Build.0 = Debug|Any CPU
		{8FFDA186-D7FD-43E7-A7C8-347DEB45F1F6}.Release|Any CPU.ActiveCfg = Release|Any CPU
		{8FFDA186-D7FD-43E7-A7C8-347DEB45F1F6}.Release|Any CPU.Build.0 = Release|Any CPU
		{E27D538A-333C-4A87-B6FA-B5C96BE5DA1E}.Debug|Any CPU.ActiveCfg = Debug|Any CPU
		{E27D538A-333C-4A87-B6FA-B5C96BE5DA1E}.Debug|Any CPU.Build.0 = Debug|Any CPU
		{E27D538A-333C-4A87-B6FA-B5C96BE5DA1E}.Release|Any CPU.ActiveCfg = Release|Any CPU
		{E27D538A-333C-4A87-B6FA-B5C96BE5DA1E}.Release|Any CPU.Build.0 = Release|Any CPU
		{4D1F9B92-B4D1-484C-9F2A-DD2BC208CD66}.Debug|Any CPU.ActiveCfg = Debug|Any CPU
		{4D1F9B92-B4D1-484C-9F2A-DD2BC208CD66}.Debug|Any CPU.Build.0 = Debug|Any CPU
		{4D1F9B92-B4D1-484C-9F2A-DD2BC208CD66}.Release|Any CPU.ActiveCfg = Release|Any CPU
		{4D1F9B92-B4D1-484C-9F2A-DD2BC208CD66}.Release|Any CPU.Build.0 = Release|Any CPU
		{40974A59-71BD-491E-A71E-13FF0BCF9754}.Debug|Any CPU.ActiveCfg = Debug|Any CPU
		{40974A59-71BD-491E-A71E-13FF0BCF9754}.Debug|Any CPU.Build.0 = Debug|Any CPU
		{40974A59-71BD-491E-A71E-13FF0BCF9754}.Release|Any CPU.ActiveCfg = Release|Any CPU
		{40974A59-71BD-491E-A71E-13FF0BCF9754}.Release|Any CPU.Build.0 = Release|Any CPU
		{2D9C79D4-F284-4C9C-AB09-6F6861DD677B}.Debug|Any CPU.ActiveCfg = Debug|Any CPU
		{2D9C79D4-F284-4C9C-AB09-6F6861DD677B}.Debug|Any CPU.Build.0 = Debug|Any CPU
		{2D9C79D4-F284-4C9C-AB09-6F6861DD677B}.Release|Any CPU.ActiveCfg = Release|Any CPU
		{2D9C79D4-F284-4C9C-AB09-6F6861DD677B}.Release|Any CPU.Build.0 = Release|Any CPU
		{AD74A486-AA07-4BDD-84CB-0B629443D9B3}.Debug|Any CPU.ActiveCfg = Debug|Any CPU
		{AD74A486-AA07-4BDD-84CB-0B629443D9B3}.Debug|Any CPU.Build.0 = Debug|Any CPU
		{AD74A486-AA07-4BDD-84CB-0B629443D9B3}.Release|Any CPU.ActiveCfg = Release|Any CPU
		{AD74A486-AA07-4BDD-84CB-0B629443D9B3}.Release|Any CPU.Build.0 = Release|Any CPU
		{0060B4CA-BF97-44F5-B49E-0D5DAEB4033B}.Debug|Any CPU.ActiveCfg = Debug|Any CPU
		{0060B4CA-BF97-44F5-B49E-0D5DAEB4033B}.Debug|Any CPU.Build.0 = Debug|Any CPU
		{0060B4CA-BF97-44F5-B49E-0D5DAEB4033B}.Release|Any CPU.ActiveCfg = Release|Any CPU
		{0060B4CA-BF97-44F5-B49E-0D5DAEB4033B}.Release|Any CPU.Build.0 = Release|Any CPU
		{57D163EE-3569-49B5-B660-76DA924D267C}.Debug|Any CPU.ActiveCfg = Debug|Any CPU
		{57D163EE-3569-49B5-B660-76DA924D267C}.Debug|Any CPU.Build.0 = Debug|Any CPU
		{57D163EE-3569-49B5-B660-76DA924D267C}.Release|Any CPU.ActiveCfg = Release|Any CPU
		{57D163EE-3569-49B5-B660-76DA924D267C}.Release|Any CPU.Build.0 = Release|Any CPU
		{7EDFEA0A-3A7D-4BF4-9566-5C35F80EAF0D}.Debug|Any CPU.ActiveCfg = Debug|Any CPU
		{7EDFEA0A-3A7D-4BF4-9566-5C35F80EAF0D}.Debug|Any CPU.Build.0 = Debug|Any CPU
		{7EDFEA0A-3A7D-4BF4-9566-5C35F80EAF0D}.Release|Any CPU.ActiveCfg = Release|Any CPU
		{7EDFEA0A-3A7D-4BF4-9566-5C35F80EAF0D}.Release|Any CPU.Build.0 = Release|Any CPU
		{48030F8D-F0C2-4F6B-9B52-84AB29B2A97F}.Debug|Any CPU.ActiveCfg = Debug|Any CPU
		{48030F8D-F0C2-4F6B-9B52-84AB29B2A97F}.Debug|Any CPU.Build.0 = Debug|Any CPU
		{48030F8D-F0C2-4F6B-9B52-84AB29B2A97F}.Release|Any CPU.ActiveCfg = Release|Any CPU
		{48030F8D-F0C2-4F6B-9B52-84AB29B2A97F}.Release|Any CPU.Build.0 = Release|Any CPU
		{BAB0FEBE-C4D1-434C-8D69-1CC03D562376}.Debug|Any CPU.ActiveCfg = Debug|Any CPU
		{BAB0FEBE-C4D1-434C-8D69-1CC03D562376}.Debug|Any CPU.Build.0 = Debug|Any CPU
		{BAB0FEBE-C4D1-434C-8D69-1CC03D562376}.Release|Any CPU.ActiveCfg = Release|Any CPU
		{BAB0FEBE-C4D1-434C-8D69-1CC03D562376}.Release|Any CPU.Build.0 = Release|Any CPU
		{026D852C-CAC5-4967-926C-80AEAA73743A}.Debug|Any CPU.ActiveCfg = Debug|Any CPU
		{026D852C-CAC5-4967-926C-80AEAA73743A}.Debug|Any CPU.Build.0 = Debug|Any CPU
		{026D852C-CAC5-4967-926C-80AEAA73743A}.Release|Any CPU.ActiveCfg = Release|Any CPU
		{026D852C-CAC5-4967-926C-80AEAA73743A}.Release|Any CPU.Build.0 = Release|Any CPU
		{E1C18238-EB9F-4D64-9A56-B9D2D1916C47}.Debug|Any CPU.ActiveCfg = Debug|Any CPU
		{E1C18238-EB9F-4D64-9A56-B9D2D1916C47}.Debug|Any CPU.Build.0 = Debug|Any CPU
		{E1C18238-EB9F-4D64-9A56-B9D2D1916C47}.Release|Any CPU.ActiveCfg = Release|Any CPU
		{E1C18238-EB9F-4D64-9A56-B9D2D1916C47}.Release|Any CPU.Build.0 = Release|Any CPU
		{7E3D24E1-15B1-47F4-8345-BC0D44B73248}.Debug|Any CPU.ActiveCfg = Debug|Any CPU
		{7E3D24E1-15B1-47F4-8345-BC0D44B73248}.Debug|Any CPU.Build.0 = Debug|Any CPU
		{7E3D24E1-15B1-47F4-8345-BC0D44B73248}.Release|Any CPU.ActiveCfg = Release|Any CPU
		{7E3D24E1-15B1-47F4-8345-BC0D44B73248}.Release|Any CPU.Build.0 = Release|Any CPU
		{DDEF82B9-1331-4E2C-B3CB-08C0E56B3A64}.Debug|Any CPU.ActiveCfg = Debug|Any CPU
		{DDEF82B9-1331-4E2C-B3CB-08C0E56B3A64}.Debug|Any CPU.Build.0 = Debug|Any CPU
		{DDEF82B9-1331-4E2C-B3CB-08C0E56B3A64}.Release|Any CPU.ActiveCfg = Release|Any CPU
		{DDEF82B9-1331-4E2C-B3CB-08C0E56B3A64}.Release|Any CPU.Build.0 = Release|Any CPU
		{A012C5B5-9A9D-44CE-A02C-2E059006022D}.Debug|Any CPU.ActiveCfg = Debug|Any CPU
		{A012C5B5-9A9D-44CE-A02C-2E059006022D}.Debug|Any CPU.Build.0 = Debug|Any CPU
		{A012C5B5-9A9D-44CE-A02C-2E059006022D}.Release|Any CPU.ActiveCfg = Release|Any CPU
		{A012C5B5-9A9D-44CE-A02C-2E059006022D}.Release|Any CPU.Build.0 = Release|Any CPU
		{600E7533-4B06-414A-9EFF-32E1D8E1CF5B}.Debug|Any CPU.ActiveCfg = Debug|Any CPU
		{600E7533-4B06-414A-9EFF-32E1D8E1CF5B}.Debug|Any CPU.Build.0 = Debug|Any CPU
		{600E7533-4B06-414A-9EFF-32E1D8E1CF5B}.Release|Any CPU.ActiveCfg = Release|Any CPU
		{600E7533-4B06-414A-9EFF-32E1D8E1CF5B}.Release|Any CPU.Build.0 = Release|Any CPU
		{160E074C-51C2-498B-8139-18071111C2FF}.Debug|Any CPU.ActiveCfg = Debug|Any CPU
		{160E074C-51C2-498B-8139-18071111C2FF}.Debug|Any CPU.Build.0 = Debug|Any CPU
		{160E074C-51C2-498B-8139-18071111C2FF}.Release|Any CPU.ActiveCfg = Release|Any CPU
		{160E074C-51C2-498B-8139-18071111C2FF}.Release|Any CPU.Build.0 = Release|Any CPU
		{5439BE51-0854-4217-8A34-2BB1C5CEFE38}.Debug|Any CPU.ActiveCfg = Debug|Any CPU
		{5439BE51-0854-4217-8A34-2BB1C5CEFE38}.Debug|Any CPU.Build.0 = Debug|Any CPU
		{5439BE51-0854-4217-8A34-2BB1C5CEFE38}.Release|Any CPU.ActiveCfg = Release|Any CPU
		{5439BE51-0854-4217-8A34-2BB1C5CEFE38}.Release|Any CPU.Build.0 = Release|Any CPU
		{B9860E2C-CA90-4C14-A785-DC916B36A613}.Debug|Any CPU.ActiveCfg = Debug|Any CPU
		{B9860E2C-CA90-4C14-A785-DC916B36A613}.Debug|Any CPU.Build.0 = Debug|Any CPU
		{B9860E2C-CA90-4C14-A785-DC916B36A613}.Release|Any CPU.ActiveCfg = Release|Any CPU
		{B9860E2C-CA90-4C14-A785-DC916B36A613}.Release|Any CPU.Build.0 = Release|Any CPU
		{2EA8D721-0F48-4750-B21D-A4001CF7F4DC}.Debug|Any CPU.ActiveCfg = Debug|Any CPU
		{2EA8D721-0F48-4750-B21D-A4001CF7F4DC}.Debug|Any CPU.Build.0 = Debug|Any CPU
		{2EA8D721-0F48-4750-B21D-A4001CF7F4DC}.Release|Any CPU.ActiveCfg = Release|Any CPU
		{2EA8D721-0F48-4750-B21D-A4001CF7F4DC}.Release|Any CPU.Build.0 = Release|Any CPU
		{97A762EC-072E-4831-A5D9-28DF26306DFA}.Debug|Any CPU.ActiveCfg = Debug|Any CPU
		{97A762EC-072E-4831-A5D9-28DF26306DFA}.Debug|Any CPU.Build.0 = Debug|Any CPU
		{97A762EC-072E-4831-A5D9-28DF26306DFA}.Release|Any CPU.ActiveCfg = Release|Any CPU
		{97A762EC-072E-4831-A5D9-28DF26306DFA}.Release|Any CPU.Build.0 = Release|Any CPU
		{A6AF486C-46A9-4470-A92F-77D107B26620}.Debug|Any CPU.ActiveCfg = Debug|Any CPU
		{A6AF486C-46A9-4470-A92F-77D107B26620}.Debug|Any CPU.Build.0 = Debug|Any CPU
		{A6AF486C-46A9-4470-A92F-77D107B26620}.Release|Any CPU.ActiveCfg = Release|Any CPU
		{A6AF486C-46A9-4470-A92F-77D107B26620}.Release|Any CPU.Build.0 = Release|Any CPU
		{CCDA8155-5D0A-4BEC-868D-1930297FFF59}.Debug|Any CPU.ActiveCfg = Debug|Any CPU
		{CCDA8155-5D0A-4BEC-868D-1930297FFF59}.Debug|Any CPU.Build.0 = Debug|Any CPU
		{CCDA8155-5D0A-4BEC-868D-1930297FFF59}.Release|Any CPU.ActiveCfg = Release|Any CPU
		{CCDA8155-5D0A-4BEC-868D-1930297FFF59}.Release|Any CPU.Build.0 = Release|Any CPU
		{40C51D7C-6CD3-4FC5-93D3-0321D0635349}.Debug|Any CPU.ActiveCfg = Debug|Any CPU
		{40C51D7C-6CD3-4FC5-93D3-0321D0635349}.Debug|Any CPU.Build.0 = Debug|Any CPU
		{40C51D7C-6CD3-4FC5-93D3-0321D0635349}.Release|Any CPU.ActiveCfg = Release|Any CPU
		{40C51D7C-6CD3-4FC5-93D3-0321D0635349}.Release|Any CPU.Build.0 = Release|Any CPU
	EndGlobalSection
	GlobalSection(SolutionProperties) = preSolution
		HideSolutionNode = FALSE
	EndGlobalSection
	GlobalSection(ExtensibilityGlobals) = postSolution
		SolutionGuid = {4456FB27-929E-45FD-8317-B81EAA473759}
	EndGlobalSection
EndGlobal
